
Microsoft Visual Studio Solution File, Format Version 12.00
# Visual Studio Version 17
VisualStudioVersion = 17.8.34330.188
MinimumVisualStudioVersion = 10.0.40219.1
Project("{9A19103F-16F7-4668-BE54-9A1E7A4F7556}") = "Parcial2_AP1_AaronHernandez.Client", "Parcial2_AP1_AaronHernandez.Client\Parcial2_AP1_AaronHernandez.Client.csproj", "{3C04DEF7-E548-4BE8-AE67-ADD60FCA02BF}"
EndProject
Project("{9A19103F-16F7-4668-BE54-9A1E7A4F7556}") = "Parcial2_AP1_AaronHernandez.API", "Parcial2_AP1_AaronHernandez.API\Parcial2_AP1_AaronHernandez.API.csproj", "{7420CED6-AB35-420E-BC7E-0BB49C680E37}"
EndProject
Project("{9A19103F-16F7-4668-BE54-9A1E7A4F7556}") = "Compartido", "Compartido\Compartido.csproj", "{E47FE2CF-9F18-44D1-AD6B-2EC2BA2126D4}"
EndProject
Global
	GlobalSection(SolutionConfigurationPlatforms) = preSolution
		Debug|Any CPU = Debug|Any CPU
		Release|Any CPU = Release|Any CPU
	EndGlobalSection
	GlobalSection(ProjectConfigurationPlatforms) = postSolution
		{3C04DEF7-E548-4BE8-AE67-ADD60FCA02BF}.Debug|Any CPU.ActiveCfg = Debug|Any CPU
		{3C04DEF7-E548-4BE8-AE67-ADD60FCA02BF}.Debug|Any CPU.Build.0 = Debug|Any CPU
		{3C04DEF7-E548-4BE8-AE67-ADD60FCA02BF}.Release|Any CPU.ActiveCfg = Release|Any CPU
		{3C04DEF7-E548-4BE8-AE67-ADD60FCA02BF}.Release|Any CPU.Build.0 = Release|Any CPU
		{7420CED6-AB35-420E-BC7E-0BB49C680E37}.Debug|Any CPU.ActiveCfg = Debug|Any CPU
		{7420CED6-AB35-420E-BC7E-0BB49C680E37}.Debug|Any CPU.Build.0 = Debug|Any CPU
		{7420CED6-AB35-420E-BC7E-0BB49C680E37}.Release|Any CPU.ActiveCfg = Release|Any CPU
		{7420CED6-AB35-420E-BC7E-0BB49C680E37}.Release|Any CPU.Build.0 = Release|Any CPU
		{E47FE2CF-9F18-44D1-AD6B-2EC2BA2126D4}.Debug|Any CPU.ActiveCfg = Debug|Any CPU
		{E47FE2CF-9F18-44D1-AD6B-2EC2BA2126D4}.Debug|Any CPU.Build.0 = Debug|Any CPU
		{E47FE2CF-9F18-44D1-AD6B-2EC2BA2126D4}.Release|Any CPU.ActiveCfg = Release|Any CPU
		{E47FE2CF-9F18-44D1-AD6B-2EC2BA2126D4}.Release|Any CPU.Build.0 = Release|Any CPU
	EndGlobalSection
	GlobalSection(SolutionProperties) = preSolution
		HideSolutionNode = FALSE
	EndGlobalSection
	GlobalSection(ExtensibilityGlobals) = postSolution
		SolutionGuid = {3FC45430-61B9-4F75-9311-8160BE37F596}
	EndGlobalSection
EndGlobal
